
Microsoft Visual Studio Solution File, Format Version 12.00
# Visual Studio Version 16
VisualStudioVersion = 16.0.31911.196
MinimumVisualStudioVersion = 10.0.40219.1
Project("{FAE04EC0-301F-11D3-BF4B-00C04F79EFBC}") = "hai_stress_experiments", "hai_stress_experiments.csproj", "{1F4C56CD-369E-4761-BC15-2B269A0C642B}"
EndProject
Global
	GlobalSection(SolutionConfigurationPlatforms) = preSolution
		Debug|Any CPU = Debug|Any CPU
		Release|Any CPU = Release|Any CPU
	EndGlobalSection
	GlobalSection(ProjectConfigurationPlatforms) = postSolution
		{1F4C56CD-369E-4761-BC15-2B269A0C642B}.Debug|Any CPU.ActiveCfg = Debug|Any CPU
		{1F4C56CD-369E-4761-BC15-2B269A0C642B}.Debug|Any CPU.Build.0 = Debug|Any CPU
		{1F4C56CD-369E-4761-BC15-2B269A0C642B}.Release|Any CPU.ActiveCfg = Release|Any CPU
		{1F4C56CD-369E-4761-BC15-2B269A0C642B}.Release|Any CPU.Build.0 = Release|Any CPU
	EndGlobalSection
	GlobalSection(SolutionProperties) = preSolution
		HideSolutionNode = FALSE
	EndGlobalSection
	GlobalSection(ExtensibilityGlobals) = postSolution
		SolutionGuid = {0D42ED34-2777-4D09-BF75-19B40EF03C77}
	EndGlobalSection
EndGlobal
